
Microsoft Visual Studio Solution File, Format Version 12.00
# Visual Studio Version 17
VisualStudioVersion = 17.13.35818.85 d17.13
MinimumVisualStudioVersion = 10.0.40219.1
Project("{FAE04EC0-301F-11D3-BF4B-00C04F79EFBC}") = "AppiumExample", "AppiumExample.csproj", "{A8E0377F-4D46-448C-8010-34E1EAC49165}"
EndProject
Global
	GlobalSection(SolutionConfigurationPlatforms) = preSolution
		Debug|Any CPU = Debug|Any CPU
		Release|Any CPU = Release|Any CPU
	EndGlobalSection
	GlobalSection(ProjectConfigurationPlatforms) = postSolution
		{A8E0377F-4D46-448C-8010-34E1EAC49165}.Debug|Any CPU.ActiveCfg = Debug|Any CPU
		{A8E0377F-4D46-448C-8010-34E1EAC49165}.Debug|Any CPU.Build.0 = Debug|Any CPU
		{A8E0377F-4D46-448C-8010-34E1EAC49165}.Release|Any CPU.ActiveCfg = Release|Any CPU
		{A8E0377F-4D46-448C-8010-34E1EAC49165}.Release|Any CPU.Build.0 = Release|Any CPU
	EndGlobalSection
	GlobalSection(SolutionProperties) = preSolution
		HideSolutionNode = FALSE
	EndGlobalSection
	GlobalSection(ExtensibilityGlobals) = postSolution
		SolutionGuid = {958E499A-D34F-4CEA-907B-CC3478BE4776}
	EndGlobalSection
EndGlobal
